
Microsoft Visual Studio Solution File, Format Version 12.00
# Visual Studio Version 16
VisualStudioVersion = 16.0.30413.136
MinimumVisualStudioVersion = 10.0.40219.1
Project("{9A19103F-16F7-4668-BE54-9A1E7A4F7556}") = "BetterZoom", "BetterZoom.csproj", "{04ABFA4E-4A55-43CE-B227-905B223CEE4A}"
EndProject
Project("{2150E333-8FDC-42A3-9474-1A3956D46DE8}") = "Solution Items", "Solution Items", "{D87C864F-BE73-48FC-8E7B-EAF588C11EC6}"
EndProject
Global
	GlobalSection(SolutionConfigurationPlatforms) = preSolution
		Debug|Any CPU = Debug|Any CPU
		Release|Any CPU = Release|Any CPU
	EndGlobalSection
	GlobalSection(ProjectConfigurationPlatforms) = postSolution
		{04ABFA4E-4A55-43CE-B227-905B223CEE4A}.Debug|Any CPU.ActiveCfg = Debug|Any CPU
		{04ABFA4E-4A55-43CE-B227-905B223CEE4A}.Debug|Any CPU.Build.0 = Debug|Any CPU
		{04ABFA4E-4A55-43CE-B227-905B223CEE4A}.Release|Any CPU.ActiveCfg = Release|Any CPU
		{04ABFA4E-4A55-43CE-B227-905B223CEE4A}.Release|Any CPU.Build.0 = Release|Any CPU
	EndGlobalSection
	GlobalSection(SolutionProperties) = preSolution
		HideSolutionNode = FALSE
	EndGlobalSection
	GlobalSection(ExtensibilityGlobals) = postSolution
		SolutionGuid = {B8F0EE22-9561-4219-B9B4-B482433B2FDE}
	EndGlobalSection
EndGlobal
